
Microsoft Visual Studio Solution File, Format Version 12.00
# Visual Studio Version 17
VisualStudioVersion = 17.3.32825.248
MinimumVisualStudioVersion = 10.0.40219.1
Project("{2150E333-8FDC-42A3-9474-1A3956D46DE8}") = "FrontEnd", "FrontEnd", "{4B97B674-4A31-4E5C-93B4-A11DE985FEB0}"
EndProject
Project("{2150E333-8FDC-42A3-9474-1A3956D46DE8}") = "Services", "Services", "{BA5F979F-8674-4DB7-9401-EEE7E4DA23AC}"
EndProject
Project("{9A19103F-16F7-4668-BE54-9A1E7A4F7556}") = "GeekShopping.Web", "GeekShopping.Web\GeekShopping.Web.csproj", "{D8AC8E34-506D-4CF2-8A06-E7421C6A8E42}"
EndProject
Project("{9A19103F-16F7-4668-BE54-9A1E7A4F7556}") = "GeekShopping.ProductAPI", "GeekShopping.ProductAPI\GeekShopping.ProductAPI.csproj", "{E24B033E-885C-4122-B982-6A1ED3112F74}"
EndProject
Project("{9A19103F-16F7-4668-BE54-9A1E7A4F7556}") = "GeekShopping.IdentityServer", "GeekShopping.IdentityServer\GeekShopping.IdentityServer.csproj", "{51CABA3B-075B-498C-A1F3-D2B11F215C62}"
EndProject
Project("{9A19103F-16F7-4668-BE54-9A1E7A4F7556}") = "GeekShopping.CartAPI", "GeekShopping.CartAPI\GeekShopping.CartAPI.csproj", "{C5C8C9CE-2003-4435-BC98-889917F6970D}"
EndProject
Project("{FAE04EC0-301F-11D3-BF4B-00C04F79EFBC}") = "GeekShopping.CouponAPI", "GeekShopping.CouponAPI\GeekShopping.CouponAPI.csproj", "{EA54CE17-6BD6-495E-9FBE-FBB68BBFC0D6}"
EndProject
Global
	GlobalSection(SolutionConfigurationPlatforms) = preSolution
		Debug|Any CPU = Debug|Any CPU
		Release|Any CPU = Release|Any CPU
	EndGlobalSection
	GlobalSection(ProjectConfigurationPlatforms) = postSolution
		{D8AC8E34-506D-4CF2-8A06-E7421C6A8E42}.Debug|Any CPU.ActiveCfg = Debug|Any CPU
		{D8AC8E34-506D-4CF2-8A06-E7421C6A8E42}.Debug|Any CPU.Build.0 = Debug|Any CPU
		{D8AC8E34-506D-4CF2-8A06-E7421C6A8E42}.Release|Any CPU.ActiveCfg = Release|Any CPU
		{D8AC8E34-506D-4CF2-8A06-E7421C6A8E42}.Release|Any CPU.Build.0 = Release|Any CPU
		{E24B033E-885C-4122-B982-6A1ED3112F74}.Debug|Any CPU.ActiveCfg = Debug|Any CPU
		{E24B033E-885C-4122-B982-6A1ED3112F74}.Debug|Any CPU.Build.0 = Debug|Any CPU
		{E24B033E-885C-4122-B982-6A1ED3112F74}.Release|Any CPU.ActiveCfg = Release|Any CPU
		{E24B033E-885C-4122-B982-6A1ED3112F74}.Release|Any CPU.Build.0 = Release|Any CPU
		{51CABA3B-075B-498C-A1F3-D2B11F215C62}.Debug|Any CPU.ActiveCfg = Debug|Any CPU
		{51CABA3B-075B-498C-A1F3-D2B11F215C62}.Debug|Any CPU.Build.0 = Debug|Any CPU
		{51CABA3B-075B-498C-A1F3-D2B11F215C62}.Release|Any CPU.ActiveCfg = Release|Any CPU
		{51CABA3B-075B-498C-A1F3-D2B11F215C62}.Release|Any CPU.Build.0 = Release|Any CPU
		{C5C8C9CE-2003-4435-BC98-889917F6970D}.Debug|Any CPU.ActiveCfg = Debug|Any CPU
		{C5C8C9CE-2003-4435-BC98-889917F6970D}.Debug|Any CPU.Build.0 = Debug|Any CPU
		{C5C8C9CE-2003-4435-BC98-889917F6970D}.Release|Any CPU.ActiveCfg = Release|Any CPU
		{C5C8C9CE-2003-4435-BC98-889917F6970D}.Release|Any CPU.Build.0 = Release|Any CPU
		{EA54CE17-6BD6-495E-9FBE-FBB68BBFC0D6}.Debug|Any CPU.ActiveCfg = Debug|Any CPU
		{EA54CE17-6BD6-495E-9FBE-FBB68BBFC0D6}.Debug|Any CPU.Build.0 = Debug|Any CPU
		{EA54CE17-6BD6-495E-9FBE-FBB68BBFC0D6}.Release|Any CPU.ActiveCfg = Release|Any CPU
		{EA54CE17-6BD6-495E-9FBE-FBB68BBFC0D6}.Release|Any CPU.Build.0 = Release|Any CPU
	EndGlobalSection
	GlobalSection(SolutionProperties) = preSolution
		HideSolutionNode = FALSE
	EndGlobalSection
	GlobalSection(NestedProjects) = preSolution
		{D8AC8E34-506D-4CF2-8A06-E7421C6A8E42} = {4B97B674-4A31-4E5C-93B4-A11DE985FEB0}
		{E24B033E-885C-4122-B982-6A1ED3112F74} = {BA5F979F-8674-4DB7-9401-EEE7E4DA23AC}
		{51CABA3B-075B-498C-A1F3-D2B11F215C62} = {BA5F979F-8674-4DB7-9401-EEE7E4DA23AC}
		{C5C8C9CE-2003-4435-BC98-889917F6970D} = {BA5F979F-8674-4DB7-9401-EEE7E4DA23AC}
		{EA54CE17-6BD6-495E-9FBE-FBB68BBFC0D6} = {BA5F979F-8674-4DB7-9401-EEE7E4DA23AC}
	EndGlobalSection
	GlobalSection(ExtensibilityGlobals) = postSolution
		SolutionGuid = {F480D24D-9375-4611-8B87-C4736048B600}
	EndGlobalSection
EndGlobal
